// !$*UTF8*$!
{
	archiveVersion = 1;
	classes = {
	};
	objectVersion = 50;
	objects = {

/* Begin PBXBuildFile section */
		DADB36FC25E9ADB7007C8026 /* AppDelegate.swift in Sources */ = {isa = PBXBuildFile; fileRef = DADB36FB25E9ADB7007C8026 /* AppDelegate.swift */; };
		DADB36FE25E9ADB7007C8026 /* SceneDelegate.swift in Sources */ = {isa = PBXBuildFile; fileRef = DADB36FD25E9ADB7007C8026 /* SceneDelegate.swift */; };
		DADB370025E9ADB7007C8026 /* ViewController.swift in Sources */ = {isa = PBXBuildFile; fileRef = DADB36FF25E9ADB7007C8026 /* ViewController.swift */; };
		DADB370325E9ADB7007C8026 /* Main.storyboard in Resources */ = {isa = PBXBuildFile; fileRef = DADB370125E9ADB7007C8026 /* Main.storyboard */; };
		DADB370525E9ADB8007C8026 /* Assets.xcassets in Resources */ = {isa = PBXBuildFile; fileRef = DADB370425E9ADB8007C8026 /* Assets.xcassets */; };
		DADB370825E9ADB8007C8026 /* LaunchScreen.storyboard in Resources */ = {isa = PBXBuildFile; fileRef = DADB370625E9ADB8007C8026 /* LaunchScreen.storyboard */; };
		DADB371125E9B506007C8026 /* Utils.swift in Sources */ = {isa = PBXBuildFile; fileRef = DADB371025E9B506007C8026 /* Utils.swift */; };
		DADB371425E9B703007C8026 /* MyTableViewController.swift in Sources */ = {isa = PBXBuildFile; fileRef = DADB371325E9B703007C8026 /* MyTableViewController.swift */; };
/* End PBXBuildFile section */

/* Begin PBXFileReference section */
		DADB36F825E9ADB7007C8026 /* UIColor.app */ = {isa = PBXFileReference; explicitFileType = wrapper.application; includeInIndex = 0; path = UIColor.app; sourceTree = BUILT_PRODUCTS_DIR; };
		DADB36FB25E9ADB7007C8026 /* AppDelegate.swift */ = {isa = PBXFileReference; lastKnownFileType = sourcecode.swift; path = AppDelegate.swift; sourceTree = "<group>"; };
		DADB36FD25E9ADB7007C8026 /* SceneDelegate.swift */ = {isa = PBXFileReference; lastKnownFileType = sourcecode.swift; path = SceneDelegate.swift; sourceTree = "<group>"; };
		DADB36FF25E9ADB7007C8026 /* ViewController.swift */ = {isa = PBXFileReference; lastKnownFileType = sourcecode.swift; path = ViewController.swift; sourceTree = "<group>"; };
		DADB370225E9ADB7007C8026 /* Base */ = {isa = PBXFileReference; lastKnownFileType = file.storyboard; name = Base; path = Base.lproj/Main.storyboard; sourceTree = "<group>"; };
		DADB370425E9ADB8007C8026 /* Assets.xcassets */ = {isa = PBXFileReference; lastKnownFileType = folder.assetcatalog; path = Assets.xcassets; sourceTree = "<group>"; };
		DADB370725E9ADB8007C8026 /* Base */ = {isa = PBXFileReference; lastKnownFileType = file.storyboard; name = Base; path = Base.lproj/LaunchScreen.storyboard; sourceTree = "<group>"; };
		DADB370925E9ADB8007C8026 /* Info.plist */ = {isa = PBXFileReference; lastKnownFileType = text.plist.xml; path = Info.plist; sourceTree = "<group>"; };
		DADB371025E9B506007C8026 /* Utils.swift */ = {isa = PBXFileReference; lastKnownFileType = sourcecode.swift; path = Utils.swift; sourceTree = "<group>"; };
		DADB371325E9B703007C8026 /* MyTableViewController.swift */ = {isa = PBXFileReference; lastKnownFileType = sourcecode.swift; path = MyTableViewController.swift; sourceTree = "<group>"; };
/* End PBXFileReference section */

/* Begin PBXFrameworksBuildPhase section */
		DADB36F525E9ADB7007C8026 /* Frameworks */ = {
			isa = PBXFrameworksBuildPhase;
			buildActionMask = 2147483647;
			files = (
			);
			runOnlyForDeploymentPostprocessing = 0;
		};
/* End PBXFrameworksBuildPhase section */

/* Begin PBXGroup section */
		DADB36EF25E9ADB7007C8026 = {
			isa = PBXGroup;
			children = (
				DADB36FA25E9ADB7007C8026 /* UIColor */,
				DADB36F925E9ADB7007C8026 /* Products */,
			);
			sourceTree = "<group>";
		};
		DADB36F925E9ADB7007C8026 /* Products */ = {
			isa = PBXGroup;
			children = (
				DADB36F825E9ADB7007C8026 /* UIColor.app */,
			);
			name = Products;
			sourceTree = "<group>";
		};
		DADB36FA25E9ADB7007C8026 /* UIColor */ = {
			isa = PBXGroup;
			children = (
				DADB36FB25E9ADB7007C8026 /* AppDelegate.swift */,
				DADB36FD25E9ADB7007C8026 /* SceneDelegate.swift */,
				DADB36FF25E9ADB7007C8026 /* ViewController.swift */,
				DADB371025E9B506007C8026 /* Utils.swift */,
				DADB370125E9ADB7007C8026 /* Main.storyboard */,
				DADB371325E9B703007C8026 /* MyTableViewController.swift */,
				DADB370425E9ADB8007C8026 /* Assets.xcassets */,
				DADB370625E9ADB8007C8026 /* LaunchScreen.storyboard */,
				DADB370925E9ADB8007C8026 /* Info.plist */,
			);
			path = UIColor;
			sourceTree = "<group>";
		};
/* End PBXGroup section */

/* Begin PBXNativeTarget section */
		DADB36F725E9ADB7007C8026 /* UIColor */ = {
			isa = PBXNativeTarget;
			buildConfigurationList = DADB370C25E9ADB8007C8026 /* Build configuration list for PBXNativeTarget "UIColor" */;
			buildPhases = (
				DADB36F425E9ADB7007C8026 /* Sources */,
				DADB36F525E9ADB7007C8026 /* Frameworks */,
				DADB36F625E9ADB7007C8026 /* Resources */,
			);
			buildRules = (
			);
			dependencies = (
			);
			name = UIColor;
			productName = UIColor;
			productReference = DADB36F825E9ADB7007C8026 /* UIColor.app */;
			productType = "com.apple.product-type.application";
		};
/* End PBXNativeTarget section */

/* Begin PBXProject section */
		DADB36F025E9ADB7007C8026 /* Project object */ = {
			isa = PBXProject;
			attributes = {
				LastSwiftUpdateCheck = 1240;
				LastUpgradeCheck = 1240;
				TargetAttributes = {
					DADB36F725E9ADB7007C8026 = {
						CreatedOnToolsVersion = 12.4;
					};
				};
			};
			buildConfigurationList = DADB36F325E9ADB7007C8026 /* Build configuration list for PBXProject "UIColor" */;
			compatibilityVersion = "Xcode 9.3";
			developmentRegion = en;
			hasScannedForEncodings = 0;
			knownRegions = (
				en,
				Base,
			);
			mainGroup = DADB36EF25E9ADB7007C8026;
			productRefGroup = DADB36F925E9ADB7007C8026 /* Products */;
			projectDirPath = "";
			projectRoot = "";
			targets = (
				DADB36F725E9ADB7007C8026 /* UIColor */,
			);
		};
/* End PBXProject section */

/* Begin PBXResourcesBuildPhase section */
		DADB36F625E9ADB7007C8026 /* Resources */ = {
			isa = PBXResourcesBuildPhase;
			buildActionMask = 2147483647;
			files = (
				DADB370825E9ADB8007C8026 /* LaunchScreen.storyboard in Resources */,
				DADB370525E9ADB8007C8026 /* Assets.xcassets in Resources */,
				DADB370325E9ADB7007C8026 /* Main.storyboard in Resources */,
			);
			runOnlyForDeploymentPostprocessing = 0;
		};
/* End PBXResourcesBuildPhase section */

/* Begin PBXSourcesBuildPhase section */
		DADB36F425E9ADB7007C8026 /* Sources */ = {
			isa = PBXSourcesBuildPhase;
			buildActionMask = 2147483647;
			files = (
				DADB370025E9ADB7007C8026 /* ViewController.swift in Sources */,
				DADB36FC25E9ADB7007C8026 /* AppDelegate.swift in Sources */,
				DADB36FE25E9ADB7007C8026 /* SceneDelegate.swift in Sources */,
				DADB371425E9B703007C8026 /* MyTableViewController.swift in Sources */,
				DADB371125E9B506007C8026 /* Utils.swift in Sources */,
			);
			runOnlyForDeploymentPostprocessing = 0;
		};
/* End PBXSourcesBuildPhase section */

/* Begin PBXVariantGroup section */
		DADB370125E9ADB7007C8026 /* Main.storyboard */ = {
			isa = PBXVariantGroup;
			children = (
				DADB370225E9ADB7007C8026 /* Base */,
			);
			name = Main.storyboard;
			sourceTree = "<group>";
		};
		DADB370625E9ADB8007C8026 /* LaunchScreen.storyboard */ = {
			isa = PBXVariantGroup;
			children = (
				DADB370725E9ADB8007C8026 /* Base */,
			);
			name = LaunchScreen.storyboard;
			sourceTree = "<group>";
		};
/* End PBXVariantGroup section */

/* Begin XCBuildConfiguration section */
		DADB370A25E9ADB8007C8026 /* Debug */ = {
			isa = XCBuildConfiguration;
			buildSettings = {
				ALWAYS_SEARCH_USER_PATHS = NO;
				CLANG_ANALYZER_NONNULL = YES;
				CLANG_ANALYZER_NUMBER_OBJECT_CONVERSION = YES_AGGRESSIVE;
				CLANG_CXX_LANGUAGE_STANDARD = "gnu++14";
				CLANG_CXX_LIBRARY = "libc++";
				CLANG_ENABLE_MODULES = YES;
				CLANG_ENABLE_OBJC_ARC = YES;
				CLANG_ENABLE_OBJC_WEAK = YES;
				CLANG_WARN_BLOCK_CAPTURE_AUTORELEASING = YES;
				CLANG_WARN_BOOL_CONVERSION = YES;
				CLANG_WARN_COMMA = YES;
				CLANG_WARN_CONSTANT_CONVERSION = YES;
				CLANG_WARN_DEPRECATED_OBJC_IMPLEMENTATIONS = YES;
				CLANG_WARN_DIRECT_OBJC_ISA_USAGE = YES_ERROR;
				CLANG_WARN_DOCUMENTATION_COMMENTS = YES;
				CLANG_WARN_EMPTY_BODY = YES;
				CLANG_WARN_ENUM_CONVERSION = YES;
				CLANG_WARN_INFINITE_RECURSION = YES;
				CLANG_WARN_INT_CONVERSION = YES;
				CLANG_WARN_NON_LITERAL_NULL_CONVERSION = YES;
				CLANG_WARN_OBJC_IMPLICIT_RETAIN_SELF = YES;
				CLANG_WARN_OBJC_LITERAL_CONVERSION = YES;
				CLANG_WARN_OBJC_ROOT_CLASS = YES_ERROR;
				CLANG_WARN_QUOTED_INCLUDE_IN_FRAMEWORK_HEADER = YES;
				CLANG_WARN_RANGE_LOOP_ANALYSIS = YES;
				CLANG_WARN_STRICT_PROTOTYPES = YES;
				CLANG_WARN_SUSPICIOUS_MOVE = YES;
				CLANG_WARN_UNGUARDED_AVAILABILITY = YES_AGGRESSIVE;
				CLANG_WARN_UNREACHABLE_CODE = YES;
				CLANG_WARN__DUPLICATE_METHOD_MATCH = YES;
				COPY_PHASE_STRIP = NO;
				DEBUG_INFORMATION_FORMAT = dwarf;
				ENABLE_STRICT_OBJC_MSGSEND = YES;
				ENABLE_TESTABILITY = YES;
				GCC_C_LANGUAGE_STANDARD = gnu11;
				GCC_DYNAMIC_NO_PIC = NO;
				GCC_NO_COMMON_BLOCKS = YES;
				GCC_OPTIMIZATION_LEVEL = 0;
				GCC_PREPROCESSOR_DEFINITIONS = (
					"DEBUG=1",
					"$(inherited)",
				);
				GCC_WARN_64_TO_32_BIT_CONVERSION = YES;
				GCC_WARN_ABOUT_RETURN_TYPE = YES_ERROR;
				GCC_WARN_UNDECLARED_SELECTOR = YES;
				GCC_WARN_UNINITIALIZED_AUTOS = YES_AGGRESSIVE;
				GCC_WARN_UNUSED_FUNCTION = YES;
				GCC_WARN_UNUSED_VARIABLE = YES;
				IPHONEOS_DEPLOYMENT_TARGET = 14.4;
				MTL_ENABLE_DEBUG_INFO = INCLUDE_SOURCE;
				MTL_FAST_MATH = YES;
				ONLY_ACTIVE_ARCH = YES;
				SDKROOT = iphoneos;
				SWIFT_ACTIVE_COMPILATION_CONDITIONS = DEBUG;
				SWIFT_OPTIMIZATION_LEVEL = "-Onone";
			};
			name = Debug;
		};
		DADB370B25E9ADB8007C8026 /* Release */ = {
			isa = XCBuildConfiguration;
			buildSettings = {
				ALWAYS_SEARCH_USER_PATHS = NO;
				CLANG_ANALYZER_NONNULL = YES;
				CLANG_ANALYZER_NUMBER_OBJECT_CONVERSION = YES_AGGRESSIVE;
				CLANG_CXX_LANGUAGE_STANDARD = "gnu++14";
				CLANG_CXX_LIBRARY = "libc++";
				CLANG_ENABLE_MODULES = YES;
				CLANG_ENABLE_OBJC_ARC = YES;
				CLANG_ENABLE_OBJC_WEAK = YES;
				CLANG_WARN_BLOCK_CAPTURE_AUTORELEASING = YES;
				CLANG_WARN_BOOL_CONVERSION = YES;
				CLANG_WARN_COMMA = YES;
				CLANG_WARN_CONSTANT_CONVERSION = YES;
				CLANG_WARN_DEPRECATED_OBJC_IMPLEMENTATIONS = YES;
				CLANG_WARN_DIRECT_OBJC_ISA_USAGE = YES_ERROR;
				CLANG_WARN_DOCUMENTATION_COMMENTS = YES;
				CLANG_WARN_EMPTY_BODY = YES;
				CLANG_WARN_ENUM_CONVERSION = YES;
				CLANG_WARN_INFINITE_RECURSION = YES;
				CLANG_WARN_INT_CONVERSION = YES;
				CLANG_WARN_NON_LITERAL_NULL_CONVERSION = YES;
				CLANG_WARN_OBJC_IMPLICIT_RETAIN_SELF = YES;
				CLANG_WARN_OBJC_LITERAL_CONVERSION = YES;
				CLANG_WARN_OBJC_ROOT_CLASS = YES_ERROR;
				CLANG_WARN_QUOTED_INCLUDE_IN_FRAMEWORK_HEADER = YES;
				CLANG_WARN_RANGE_LOOP_ANALYSIS = YES;
				CLANG_WARN_STRICT_PROTOTYPES = YES;
				CLANG_WARN_SUSPICIOUS_MOVE = YES;
				CLANG_WARN_UNGUARDED_AVAILABILITY = YES_AGGRESSIVE;
				CLANG_WARN_UNREACHABLE_CODE = YES;
				CLANG_WARN__DUPLICATE_METHOD_MATCH = YES;
				COPY_PHASE_STRIP = NO;
				DEBUG_INFORMATION_FORMAT = "dwarf-with-dsym";
				ENABLE_NS_ASSERTIONS = NO;
				ENABLE_STRICT_OBJC_MSGSEND = YES;
				GCC_C_LANGUAGE_STANDARD = gnu11;
				GCC_NO_COMMON_BLOCKS = YES;
				GCC_WARN_64_TO_32_BIT_CONVERSION = YES;
				GCC_WARN_ABOUT_RETURN_TYPE = YES_ERROR;
				GCC_WARN_UNDECLARED_SELECTOR = YES;
				GCC_WARN_UNINITIALIZED_AUTOS = YES_AGGRESSIVE;
				GCC_WARN_UNUSED_FUNCTION = YES;
				GCC_WARN_UNUSED_VARIABLE = YES;
				IPHONEOS_DEPLOYMENT_TARGET = 14.4;
				MTL_ENABLE_DEBUG_INFO = NO;
				MTL_FAST_MATH = YES;
				SDKROOT = iphoneos;
				SWIFT_COMPILATION_MODE = wholemodule;
				SWIFT_OPTIMIZATION_LEVEL = "-O";
				VALIDATE_PRODUCT = YES;
			};
			name = Release;
		};
		DADB370D25E9ADB8007C8026 /* Debug */ = {
			isa = XCBuildConfiguration;
			buildSettings = {
				ASSETCATALOG_COMPILER_APPICON_NAME = AppIcon;
				ASSETCATALOG_COMPILER_GLOBAL_ACCENT_COLOR_NAME = AccentColor;
				CODE_SIGN_STYLE = Automatic;
				DEVELOPMENT_TEAM = 9FG8SD99LV;
				INFOPLIST_FILE = UIColor/Info.plist;
				LD_RUNPATH_SEARCH_PATHS = (
					"$(inherited)",
					"@executable_path/Frameworks",
				);
				PRODUCT_BUNDLE_IDENTIFIER = com.soyaaroncervantes.UIColor;
				PRODUCT_NAME = "$(TARGET_NAME)";
				SWIFT_VERSION = 5.0;
				TARGETED_DEVICE_FAMILY = "1,2";
			};
			name = Debug;
		};
		DADB370E25E9ADB8007C8026 /* Release */ = {
			isa = XCBuildConfiguration;
			buildSettings = {
				ASSETCATALOG_COMPILER_APPICON_NAME = AppIcon;
				ASSETCATALOG_COMPILER_GLOBAL_ACCENT_COLOR_NAME = AccentColor;
				CODE_SIGN_STYLE = Automatic;
				DEVELOPMENT_TEAM = 9FG8SD99LV;
				INFOPLIST_FILE = UIColor/Info.plist;
				LD_RUNPATH_SEARCH_PATHS = (
					"$(inherited)",
					"@executable_path/Frameworks",
				);
				PRODUCT_BUNDLE_IDENTIFIER = com.soyaaroncervantes.UIColor;
				PRODUCT_NAME = "$(TARGET_NAME)";
				SWIFT_VERSION = 5.0;
				TARGETED_DEVICE_FAMILY = "1,2";
			};
			name = Release;
		};
/* End XCBuildConfiguration section */

/* Begin XCConfigurationList section */
		DADB36F325E9ADB7007C8026 /* Build configuration list for PBXProject "UIColor" */ = {
			isa = XCConfigurationList;
			buildConfigurations = (
				DADB370A25E9ADB8007C8026 /* Debug */,
				DADB370B25E9ADB8007C8026 /* Release */,
			);
			defaultConfigurationIsVisible = 0;
			defaultConfigurationName = Release;
		};
		DADB370C25E9ADB8007C8026 /* Build configuration list for PBXNativeTarget "UIColor" */ = {
			isa = XCConfigurationList;
			buildConfigurations = (
				DADB370D25E9ADB8007C8026 /* Debug */,
				DADB370E25E9ADB8007C8026 /* Release */,
			);
			defaultConfigurationIsVisible = 0;
			defaultConfigurationName = Release;
		};
/* End XCConfigurationList section */
	};
	rootObject = DADB36F025E9ADB7007C8026 /* Project object */;
}
